
Microsoft Visual Studio Solution File, Format Version 12.00
# Visual Studio Version 16
VisualStudioVersion = 16.0.30717.126
MinimumVisualStudioVersion = 10.0.40219.1
Project("{9A19103F-16F7-4668-BE54-9A1E7A4F7556}") = "CRUDZAO.Server", "Server\CRUDZAO.Server.csproj", "{8070CFB1-AB12-451A-B0CD-3561C2693F1E}"
EndProject
Project("{9A19103F-16F7-4668-BE54-9A1E7A4F7556}") = "CRUDZAO.Client", "Client\CRUDZAO.Client.csproj", "{09FBC1C7-E41F-4127-A529-DA243B17991F}"
EndProject
Project("{9A19103F-16F7-4668-BE54-9A1E7A4F7556}") = "CRUDZAO.Shared", "Shared\CRUDZAO.Shared.csproj", "{AC3A9F64-7FB5-4BBA-8E21-64CC57297F9B}"
EndProject
Global
	GlobalSection(SolutionConfigurationPlatforms) = preSolution
		Debug|Any CPU = Debug|Any CPU
		Release|Any CPU = Release|Any CPU
	EndGlobalSection
	GlobalSection(ProjectConfigurationPlatforms) = postSolution
		{8070CFB1-AB12-451A-B0CD-3561C2693F1E}.Debug|Any CPU.ActiveCfg = Debug|Any CPU
		{8070CFB1-AB12-451A-B0CD-3561C2693F1E}.Debug|Any CPU.Build.0 = Debug|Any CPU
		{8070CFB1-AB12-451A-B0CD-3561C2693F1E}.Release|Any CPU.ActiveCfg = Release|Any CPU
		{8070CFB1-AB12-451A-B0CD-3561C2693F1E}.Release|Any CPU.Build.0 = Release|Any CPU
		{09FBC1C7-E41F-4127-A529-DA243B17991F}.Debug|Any CPU.ActiveCfg = Debug|Any CPU
		{09FBC1C7-E41F-4127-A529-DA243B17991F}.Debug|Any CPU.Build.0 = Debug|Any CPU
		{09FBC1C7-E41F-4127-A529-DA243B17991F}.Release|Any CPU.ActiveCfg = Release|Any CPU
		{09FBC1C7-E41F-4127-A529-DA243B17991F}.Release|Any CPU.Build.0 = Release|Any CPU
		{AC3A9F64-7FB5-4BBA-8E21-64CC57297F9B}.Debug|Any CPU.ActiveCfg = Debug|Any CPU
		{AC3A9F64-7FB5-4BBA-8E21-64CC57297F9B}.Debug|Any CPU.Build.0 = Debug|Any CPU
		{AC3A9F64-7FB5-4BBA-8E21-64CC57297F9B}.Release|Any CPU.ActiveCfg = Release|Any CPU
		{AC3A9F64-7FB5-4BBA-8E21-64CC57297F9B}.Release|Any CPU.Build.0 = Release|Any CPU
	EndGlobalSection
	GlobalSection(SolutionProperties) = preSolution
		HideSolutionNode = FALSE
	EndGlobalSection
	GlobalSection(ExtensibilityGlobals) = postSolution
		SolutionGuid = {A5000721-DC28-49D3-A1C7-6329FD7A1D60}
	EndGlobalSection
EndGlobal
